
Microsoft Visual Studio Solution File, Format Version 12.00
# Visual Studio Version 17
VisualStudioVersion = 17.5.002.0
MinimumVisualStudioVersion = 10.0.40219.1
Project("{9A19103F-16F7-4668-BE54-9A1E7A4F7556}") = "Razor4870", "Razor4870.csproj", "{A95EC69F-9741-4524-BC4D-14C42FA77E44}"
EndProject
Global
	GlobalSection(SolutionConfigurationPlatforms) = preSolution
		Debug|Any CPU = Debug|Any CPU
		Release|Any CPU = Release|Any CPU
	EndGlobalSection
	GlobalSection(ProjectConfigurationPlatforms) = postSolution
		{A95EC69F-9741-4524-BC4D-14C42FA77E44}.Debug|Any CPU.ActiveCfg = Debug|Any CPU
		{A95EC69F-9741-4524-BC4D-14C42FA77E44}.Debug|Any CPU.Build.0 = Debug|Any CPU
		{A95EC69F-9741-4524-BC4D-14C42FA77E44}.Release|Any CPU.ActiveCfg = Release|Any CPU
		{A95EC69F-9741-4524-BC4D-14C42FA77E44}.Release|Any CPU.Build.0 = Release|Any CPU
	EndGlobalSection
	GlobalSection(SolutionProperties) = preSolution
		HideSolutionNode = FALSE
	EndGlobalSection
	GlobalSection(ExtensibilityGlobals) = postSolution
		SolutionGuid = {E7B55049-D21E-4FB8-9D78-AFDF8D3C1006}
	EndGlobalSection
EndGlobal
